
Microsoft Visual Studio Solution File, Format Version 12.00
# Visual Studio 15
VisualStudioVersion = 15.0.28307.705
MinimumVisualStudioVersion = 10.0.40219.1
Project("{FAE04EC0-301F-11D3-BF4B-00C04F79EFBC}") = "TreeViewDemo", "TreeViewDemo\TreeViewDemo.csproj", "{39840652-84AF-4E1C-B58D-B7632624EC52}"
EndProject
Global
	GlobalSection(SolutionConfigurationPlatforms) = preSolution
		Debug|Any CPU = Debug|Any CPU
		Release|Any CPU = Release|Any CPU
	EndGlobalSection
	GlobalSection(ProjectConfigurationPlatforms) = postSolution
		{39840652-84AF-4E1C-B58D-B7632624EC52}.Debug|Any CPU.ActiveCfg = Debug|Any CPU
		{39840652-84AF-4E1C-B58D-B7632624EC52}.Debug|Any CPU.Build.0 = Debug|Any CPU
		{39840652-84AF-4E1C-B58D-B7632624EC52}.Release|Any CPU.ActiveCfg = Release|Any CPU
		{39840652-84AF-4E1C-B58D-B7632624EC52}.Release|Any CPU.Build.0 = Release|Any CPU
	EndGlobalSection
	GlobalSection(SolutionProperties) = preSolution
		HideSolutionNode = FALSE
	EndGlobalSection
	GlobalSection(ExtensibilityGlobals) = postSolution
		SolutionGuid = {239C567F-181B-474B-97EC-8C67C16D8910}
	EndGlobalSection
EndGlobal
